
Microsoft Visual Studio Solution File, Format Version 12.00
# Visual Studio Version 16
VisualStudioVersion = 16.0.29102.190
MinimumVisualStudioVersion = 10.0.40219.1
Project("{9A19103F-16F7-4668-BE54-9A1E7A4F7556}") = "SportsStore", "src\SportsStore\SportsStore.csproj", "{63191034-3AA7-4C2C-B2EA-527FEA31F002}"
EndProject
Project("{9A19103F-16F7-4668-BE54-9A1E7A4F7556}") = "SportsStore.Tests", "test\SportsStore.Tests\SportsStore.Tests.csproj", "{0DA33994-02D3-463C-B173-9E6F18BF707F}"
EndProject
Global
	GlobalSection(SolutionConfigurationPlatforms) = preSolution
		Debug|Any CPU = Debug|Any CPU
		Release|Any CPU = Release|Any CPU
	EndGlobalSection
	GlobalSection(ProjectConfigurationPlatforms) = postSolution
		{63191034-3AA7-4C2C-B2EA-527FEA31F002}.Debug|Any CPU.ActiveCfg = Debug|Any CPU
		{63191034-3AA7-4C2C-B2EA-527FEA31F002}.Debug|Any CPU.Build.0 = Debug|Any CPU
		{63191034-3AA7-4C2C-B2EA-527FEA31F002}.Release|Any CPU.ActiveCfg = Release|Any CPU
		{63191034-3AA7-4C2C-B2EA-527FEA31F002}.Release|Any CPU.Build.0 = Release|Any CPU
		{0DA33994-02D3-463C-B173-9E6F18BF707F}.Debug|Any CPU.ActiveCfg = Debug|Any CPU
		{0DA33994-02D3-463C-B173-9E6F18BF707F}.Debug|Any CPU.Build.0 = Debug|Any CPU
		{0DA33994-02D3-463C-B173-9E6F18BF707F}.Release|Any CPU.ActiveCfg = Release|Any CPU
		{0DA33994-02D3-463C-B173-9E6F18BF707F}.Release|Any CPU.Build.0 = Release|Any CPU
	EndGlobalSection
	GlobalSection(SolutionProperties) = preSolution
		HideSolutionNode = FALSE
	EndGlobalSection
	GlobalSection(ExtensibilityGlobals) = postSolution
		SolutionGuid = {0F3AF65E-921D-4C4D-A3EC-BD0E497926AF}
	EndGlobalSection
EndGlobal
